PODS:
  - DeclarativeUI/All (0.1.0)
  - FBSnapshotTestCase (2.1.4):
    - FBSnapshotTestCase/SwiftSupport (= 2.1.4)
  - FBSnapshotTestCase/Core (2.1.4)
  - FBSnapshotTestCase/SwiftSupport (2.1.4):
    - FBSnapshotTestCase/Core

DEPENDENCIES:
  - DeclarativeUI/All (from `../`)
  - FBSnapshotTestCase

EXTERNAL SOURCES:
  DeclarativeUI:
    :path: ../

SPEC CHECKSUMS:
  DeclarativeUI: a7a2c858b01bcf7beb7451f3297e695dfe074b46
  FBSnapshotTestCase: 094f9f314decbabe373b87cc339bea235a63e07a

PODFILE CHECKSUM: 3ea0fb72b75275ee5cf7cdf9dfd6a3568ccb2aaf

COCOAPODS: 1.2.1
